
Microsoft Visual Studio Solution File, Format Version 12.00
# Visual Studio Version 17
VisualStudioVersion = 17.9.34616.47
MinimumVisualStudioVersion = 10.0.40219.1
Project("{FAE04EC0-301F-11D3-BF4B-00C04F79EFBC}") = "Project_Pemvis", "Project_Pemvis\Project_Pemvis.csproj", "{A7CEAB52-03D4-4179-821F-A8FBB6C0FDB9}"
EndProject
Global
	GlobalSection(SolutionConfigurationPlatforms) = preSolution
		Debug|Any CPU = Debug|Any CPU
		Release|Any CPU = Release|Any CPU
	EndGlobalSection
	GlobalSection(ProjectConfigurationPlatforms) = postSolution
		{A7CEAB52-03D4-4179-821F-A8FBB6C0FDB9}.Debug|Any CPU.ActiveCfg = Debug|Any CPU
		{A7CEAB52-03D4-4179-821F-A8FBB6C0FDB9}.Debug|Any CPU.Build.0 = Debug|Any CPU
		{A7CEAB52-03D4-4179-821F-A8FBB6C0FDB9}.Release|Any CPU.ActiveCfg = Release|Any CPU
		{A7CEAB52-03D4-4179-821F-A8FBB6C0FDB9}.Release|Any CPU.Build.0 = Release|Any CPU
	EndGlobalSection
	GlobalSection(SolutionProperties) = preSolution
		HideSolutionNode = FALSE
	EndGlobalSection
	GlobalSection(ExtensibilityGlobals) = postSolution
		SolutionGuid = {55566D86-7272-462F-B449-CABF198B2979}
	EndGlobalSection
EndGlobal
